# This file is automatically @generated by Cargo.
# It is not intended for manual editing.
version = 3

[[package]]
name = "javascriptcore"
version = "0.0.6"
source = "registry+https://github.com/rust-lang/crates.io-index"
checksum = "65317c3c7104750ffe7d808805d43db129791537fd556a40285bd6ba96732465"
dependencies = [
 "javascriptcore-macros",
 "javascriptcore-sys",
 "thiserror",
]

[[package]]
name = "javascriptcore-macros"
version = "0.0.6"
source = "registry+https://github.com/rust-lang/crates.io-index"
checksum = "07c506824b687e670b6884d2ff99976bb4fd373fea9ff3fc29d45f9153df1d00"
dependencies = [
 "quote",
 "syn",
]

[[package]]
name = "javascriptcore-sys"
version = "0.0.6"
source = "registry+https://github.com/rust-lang/crates.io-index"
checksum = "1cb51ed1fdf76de7e841e8e934700f9587ee827285696d50357262209dcc5850"
dependencies = [
 "pkg-config",
]

[[package]]
name = "jsc"
version = "0.1.0"
dependencies = [
 "javascriptcore",
]

[[package]]
name = "pkg-config"
version = "0.3.31"
source = "registry+https://github.com/rust-lang/crates.io-index"
checksum = "953ec861398dccce10c670dfeaf3ec4911ca479e9c02154b3a215178c5f566f2"

[[package]]
name = "proc-macro2"
version = "1.0.93"
source = "registry+https://github.com/rust-lang/crates.io-index"
checksum = "60946a68e5f9d28b0dc1c21bb8a97ee7d018a8b322fa57838ba31cc878e22d99"
dependencies = [
 "unicode-ident",
]

[[package]]
name = "quote"
version = "1.0.38"
source = "registry+https://github.com/rust-lang/crates.io-index"
checksum = "0e4dccaaaf89514f546c693ddc140f729f958c247918a13380cccc6078391acc"
dependencies = [
 "proc-macro2",
]

[[package]]
name = "syn"
version = "2.0.98"
source = "registry+https://github.com/rust-lang/crates.io-index"
checksum = "36147f1a48ae0ec2b5b3bc5b537d267457555a10dc06f3dbc8cb11ba3006d3b1"
dependencies = [
 "proc-macro2",
 "quote",
 "unicode-ident",
]

[[package]]
name = "thiserror"
version = "1.0.69"
source = "registry+https://github.com/rust-lang/crates.io-index"
checksum = "b6aaf5339b578ea85b50e080feb250a3e8ae8cfcdff9a461c9ec2904bc923f52"
dependencies = [
 "thiserror-impl",
]

[[package]]
name = "thiserror-impl"
version = "1.0.69"
source = "registry+https://github.com/rust-lang/crates.io-index"
checksum = "4fee6c4efc90059e10f81e6d42c60a18f76588c3d74cb83a0b242a2b6c7504c1"
dependencies = [
 "proc-macro2",
 "quote",
 "syn",
]

[[package]]
name = "unicode-ident"
version = "1.0.16"
source = "registry+https://github.com/rust-lang/crates.io-index"
checksum = "a210d160f08b701c8721ba1c726c11662f877ea6b7094007e1ca9a1041945034"
